
Microsoft Visual Studio Solution File, Format Version 12.00
# Visual Studio Version 16
VisualStudioVersion = 16.0.28803.452
MinimumVisualStudioVersion = 10.0.40219.1
Project("{FAE04EC0-301F-11D3-BF4B-00C04F79EFBC}") = "8 Reinas", "8 Reinas\8 Reinas.csproj", "{2A15BF64-9900-4D6C-906E-41090F72A60D}"
EndProject
Global
	GlobalSection(SolutionConfigurationPlatforms) = preSolution
		Debug|Any CPU = Debug|Any CPU
		Release|Any CPU = Release|Any CPU
	EndGlobalSection
	GlobalSection(ProjectConfigurationPlatforms) = postSolution
		{2A15BF64-9900-4D6C-906E-41090F72A60D}.Debug|Any CPU.ActiveCfg = Debug|Any CPU
		{2A15BF64-9900-4D6C-906E-41090F72A60D}.Debug|Any CPU.Build.0 = Debug|Any CPU
		{2A15BF64-9900-4D6C-906E-41090F72A60D}.Release|Any CPU.ActiveCfg = Release|Any CPU
		{2A15BF64-9900-4D6C-906E-41090F72A60D}.Release|Any CPU.Build.0 = Release|Any CPU
	EndGlobalSection
	GlobalSection(SolutionProperties) = preSolution
		HideSolutionNode = FALSE
	EndGlobalSection
	GlobalSection(ExtensibilityGlobals) = postSolution
		SolutionGuid = {7FEE0885-E260-48FB-AF35-AB342F10C865}
	EndGlobalSection
EndGlobal
